
Microsoft Visual Studio Solution File, Format Version 12.00
# Visual Studio Version 17
VisualStudioVersion = 17.14.36127.28
MinimumVisualStudioVersion = 10.0.40219.1
Project("{FAE04EC0-301F-11D3-BF4B-00C04F79EFBC}") = "01_inheritance", "01_inheritance\01_inheritance.csproj", "{72D64FEC-1637-4E56-8993-D6250E5675AB}"
EndProject
Project("{FAE04EC0-301F-11D3-BF4B-00C04F79EFBC}") = "02_abstract", "02_abstract\02_abstract.csproj", "{5F948640-7E36-4E73-BB05-CB5A1D3A04F2}"
EndProject
Project("{8BC9CEB8-8B4A-11D0-8D11-00A0C91BC942}") = "00_cpp", "00_cpp\00_cpp.vcxproj", "{A867CB8C-EE20-4C82-8011-CCD7E625B4E7}"
EndProject
Project("{FAE04EC0-301F-11D3-BF4B-00C04F79EFBC}") = "03_dp_strategy", "03_dp_strategy\03_dp_strategy.csproj", "{F547C6DC-A6BC-49AA-B10A-8581803D90B5}"
EndProject
Global
	GlobalSection(SolutionConfigurationPlatforms) = preSolution
		Debug|Any CPU = Debug|Any CPU
		Debug|x64 = Debug|x64
		Debug|x86 = Debug|x86
		Release|Any CPU = Release|Any CPU
		Release|x64 = Release|x64
		Release|x86 = Release|x86
	EndGlobalSection
	GlobalSection(ProjectConfigurationPlatforms) = postSolution
		{72D64FEC-1637-4E56-8993-D6250E5675AB}.Debug|Any CPU.ActiveCfg = Debug|Any CPU
		{72D64FEC-1637-4E56-8993-D6250E5675AB}.Debug|Any CPU.Build.0 = Debug|Any CPU
		{72D64FEC-1637-4E56-8993-D6250E5675AB}.Debug|x64.ActiveCfg = Debug|Any CPU
		{72D64FEC-1637-4E56-8993-D6250E5675AB}.Debug|x64.Build.0 = Debug|Any CPU
		{72D64FEC-1637-4E56-8993-D6250E5675AB}.Debug|x86.ActiveCfg = Debug|Any CPU
		{72D64FEC-1637-4E56-8993-D6250E5675AB}.Debug|x86.Build.0 = Debug|Any CPU
		{72D64FEC-1637-4E56-8993-D6250E5675AB}.Release|Any CPU.ActiveCfg = Release|Any CPU
		{72D64FEC-1637-4E56-8993-D6250E5675AB}.Release|Any CPU.Build.0 = Release|Any CPU
		{72D64FEC-1637-4E56-8993-D6250E5675AB}.Release|x64.ActiveCfg = Release|Any CPU
		{72D64FEC-1637-4E56-8993-D6250E5675AB}.Release|x64.Build.0 = Release|Any CPU
		{72D64FEC-1637-4E56-8993-D6250E5675AB}.Release|x86.ActiveCfg = Release|Any CPU
		{72D64FEC-1637-4E56-8993-D6250E5675AB}.Release|x86.Build.0 = Release|Any CPU
		{5F948640-7E36-4E73-BB05-CB5A1D3A04F2}.Debug|Any CPU.ActiveCfg = Debug|Any CPU
		{5F948640-7E36-4E73-BB05-CB5A1D3A04F2}.Debug|Any CPU.Build.0 = Debug|Any CPU
		{5F948640-7E36-4E73-BB05-CB5A1D3A04F2}.Debug|x64.ActiveCfg = Debug|Any CPU
		{5F948640-7E36-4E73-BB05-CB5A1D3A04F2}.Debug|x64.Build.0 = Debug|Any CPU
		{5F948640-7E36-4E73-BB05-CB5A1D3A04F2}.Debug|x86.ActiveCfg = Debug|Any CPU
		{5F948640-7E36-4E73-BB05-CB5A1D3A04F2}.Debug|x86.Build.0 = Debug|Any CPU
		{5F948640-7E36-4E73-BB05-CB5A1D3A04F2}.Release|Any CPU.ActiveCfg = Release|Any CPU
		{5F948640-7E36-4E73-BB05-CB5A1D3A04F2}.Release|Any CPU.Build.0 = Release|Any CPU
		{5F948640-7E36-4E73-BB05-CB5A1D3A04F2}.Release|x64.ActiveCfg = Release|Any CPU
		{5F948640-7E36-4E73-BB05-CB5A1D3A04F2}.Release|x64.Build.0 = Release|Any CPU
		{5F948640-7E36-4E73-BB05-CB5A1D3A04F2}.Release|x86.ActiveCfg = Release|Any CPU
		{5F948640-7E36-4E73-BB05-CB5A1D3A04F2}.Release|x86.Build.0 = Release|Any CPU
		{A867CB8C-EE20-4C82-8011-CCD7E625B4E7}.Debug|Any CPU.ActiveCfg = Debug|x64
		{A867CB8C-EE20-4C82-8011-CCD7E625B4E7}.Debug|Any CPU.Build.0 = Debug|x64
		{A867CB8C-EE20-4C82-8011-CCD7E625B4E7}.Debug|x64.ActiveCfg = Debug|x64
		{A867CB8C-EE20-4C82-8011-CCD7E625B4E7}.Debug|x64.Build.0 = Debug|x64
		{A867CB8C-EE20-4C82-8011-CCD7E625B4E7}.Debug|x86.ActiveCfg = Debug|Win32
		{A867CB8C-EE20-4C82-8011-CCD7E625B4E7}.Debug|x86.Build.0 = Debug|Win32
		{A867CB8C-EE20-4C82-8011-CCD7E625B4E7}.Release|Any CPU.ActiveCfg = Release|x64
		{A867CB8C-EE20-4C82-8011-CCD7E625B4E7}.Release|Any CPU.Build.0 = Release|x64
		{A867CB8C-EE20-4C82-8011-CCD7E625B4E7}.Release|x64.ActiveCfg = Release|x64
		{A867CB8C-EE20-4C82-8011-CCD7E625B4E7}.Release|x64.Build.0 = Release|x64
		{A867CB8C-EE20-4C82-8011-CCD7E625B4E7}.Release|x86.ActiveCfg = Release|Win32
		{A867CB8C-EE20-4C82-8011-CCD7E625B4E7}.Release|x86.Build.0 = Release|Win32
		{F547C6DC-A6BC-49AA-B10A-8581803D90B5}.Debug|Any CPU.ActiveCfg = Debug|Any CPU
		{F547C6DC-A6BC-49AA-B10A-8581803D90B5}.Debug|Any CPU.Build.0 = Debug|Any CPU
		{F547C6DC-A6BC-49AA-B10A-8581803D90B5}.Debug|x64.ActiveCfg = Debug|Any CPU
		{F547C6DC-A6BC-49AA-B10A-8581803D90B5}.Debug|x64.Build.0 = Debug|Any CPU
		{F547C6DC-A6BC-49AA-B10A-8581803D90B5}.Debug|x86.ActiveCfg = Debug|Any CPU
		{F547C6DC-A6BC-49AA-B10A-8581803D90B5}.Debug|x86.Build.0 = Debug|Any CPU
		{F547C6DC-A6BC-49AA-B10A-8581803D90B5}.Release|Any CPU.ActiveCfg = Release|Any CPU
		{F547C6DC-A6BC-49AA-B10A-8581803D90B5}.Release|Any CPU.Build.0 = Release|Any CPU
		{F547C6DC-A6BC-49AA-B10A-8581803D90B5}.Release|x64.ActiveCfg = Release|Any CPU
		{F547C6DC-A6BC-49AA-B10A-8581803D90B5}.Release|x64.Build.0 = Release|Any CPU
		{F547C6DC-A6BC-49AA-B10A-8581803D90B5}.Release|x86.ActiveCfg = Release|Any CPU
		{F547C6DC-A6BC-49AA-B10A-8581803D90B5}.Release|x86.Build.0 = Release|Any CPU
	EndGlobalSection
	GlobalSection(SolutionProperties) = preSolution
		HideSolutionNode = FALSE
	EndGlobalSection
	GlobalSection(ExtensibilityGlobals) = postSolution
		SolutionGuid = {7A116D29-9382-4260-B089-DA331F9AD36B}
	EndGlobalSection
EndGlobal
